
Microsoft Visual Studio Solution File, Format Version 12.00
# Visual Studio Version 16
VisualStudioVersion = 16.0.30717.126
MinimumVisualStudioVersion = 10.0.40219.1
Project("{FAE04EC0-301F-11D3-BF4B-00C04F79EFBC}") = "Boutique Virtual", "Boutique Virtual\Boutique Virtual.csproj", "{4AF90BC2-62F6-4510-8664-24781BF952A1}"
EndProject
Global
	GlobalSection(SolutionConfigurationPlatforms) = preSolution
		Debug|Any CPU = Debug|Any CPU
		Release|Any CPU = Release|Any CPU
	EndGlobalSection
	GlobalSection(ProjectConfigurationPlatforms) = postSolution
		{4AF90BC2-62F6-4510-8664-24781BF952A1}.Debug|Any CPU.ActiveCfg = Debug|Any CPU
		{4AF90BC2-62F6-4510-8664-24781BF952A1}.Debug|Any CPU.Build.0 = Debug|Any CPU
		{4AF90BC2-62F6-4510-8664-24781BF952A1}.Release|Any CPU.ActiveCfg = Release|Any CPU
		{4AF90BC2-62F6-4510-8664-24781BF952A1}.Release|Any CPU.Build.0 = Release|Any CPU
	EndGlobalSection
	GlobalSection(SolutionProperties) = preSolution
		HideSolutionNode = FALSE
	EndGlobalSection
	GlobalSection(ExtensibilityGlobals) = postSolution
		SolutionGuid = {F69613B8-24CF-4454-B7B3-7F44C9F4CF3B}
	EndGlobalSection
EndGlobal
